
Microsoft Visual Studio Solution File, Format Version 12.00
# Visual Studio 15
VisualStudioVersion = 15.0.28010.2050
MinimumVisualStudioVersion = 10.0.40219.1
Project("{FAE04EC0-301F-11D3-BF4B-00C04F79EFBC}") = "Linear Data Structures", "Linear Data Structures\Linear Data Structures.csproj", "{70D86652-600E-467B-9E25-7937102F243A}"
EndProject
Global
	GlobalSection(SolutionConfigurationPlatforms) = preSolution
		Debug|Any CPU = Debug|Any CPU
		Release|Any CPU = Release|Any CPU
	EndGlobalSection
	GlobalSection(ProjectConfigurationPlatforms) = postSolution
		{70D86652-600E-467B-9E25-7937102F243A}.Debug|Any CPU.ActiveCfg = Debug|Any CPU
		{70D86652-600E-467B-9E25-7937102F243A}.Debug|Any CPU.Build.0 = Debug|Any CPU
		{70D86652-600E-467B-9E25-7937102F243A}.Release|Any CPU.ActiveCfg = Release|Any CPU
		{70D86652-600E-467B-9E25-7937102F243A}.Release|Any CPU.Build.0 = Release|Any CPU
	EndGlobalSection
	GlobalSection(SolutionProperties) = preSolution
		HideSolutionNode = FALSE
	EndGlobalSection
	GlobalSection(ExtensibilityGlobals) = postSolution
		SolutionGuid = {4A187C60-831C-449A-86F5-A67C56D073F5}
	EndGlobalSection
EndGlobal
